
Microsoft Visual Studio Solution File, Format Version 12.00
# Visual Studio Version 17
VisualStudioVersion = 17.0.31903.59
MinimumVisualStudioVersion = 10.0.40219.1
Project("{9A19103F-16F7-4668-BE54-9A1E7A4F7556}") = "AzureFunctions.PowerShell.OpenTelemetry.SDK", "AzureFunctions.PowerShell.OpenTelemetry.SDK\AzureFunctions.PowerShell.OpenTelemetry.SDK.csproj", "{C8F0479E-D103-4C5D-951B-1EC3B48874E9}"
EndProject
Project("{FAE04EC0-301F-11D3-BF4B-00C04F79EFBC}") = "OpenTelemetryEngine", "OpenTelemetryEngine\OpenTelemetryEngine.csproj", "{08741EE8-9B44-4B97-AF58-278027898F64}"
EndProject
Project("{FAE04EC0-301F-11D3-BF4B-00C04F79EFBC}") = "OpenTelemetryEngineTests", "OpenTelemetryEngineTests\OpenTelemetryEngineTests.csproj", "{E0545241-C0A9-4572-9B5F-FC8E0A644879}"
EndProject
Global
	GlobalSection(SolutionConfigurationPlatforms) = preSolution
		Debug|Any CPU = Debug|Any CPU
		Release|Any CPU = Release|Any CPU
	EndGlobalSection
	GlobalSection(ProjectConfigurationPlatforms) = postSolution
		{C8F0479E-D103-4C5D-951B-1EC3B48874E9}.Debug|Any CPU.ActiveCfg = Debug|Any CPU
		{C8F0479E-D103-4C5D-951B-1EC3B48874E9}.Debug|Any CPU.Build.0 = Debug|Any CPU
		{C8F0479E-D103-4C5D-951B-1EC3B48874E9}.Release|Any CPU.ActiveCfg = Release|Any CPU
		{C8F0479E-D103-4C5D-951B-1EC3B48874E9}.Release|Any CPU.Build.0 = Release|Any CPU
		{08741EE8-9B44-4B97-AF58-278027898F64}.Debug|Any CPU.ActiveCfg = Debug|Any CPU
		{08741EE8-9B44-4B97-AF58-278027898F64}.Debug|Any CPU.Build.0 = Debug|Any CPU
		{08741EE8-9B44-4B97-AF58-278027898F64}.Release|Any CPU.ActiveCfg = Release|Any CPU
		{08741EE8-9B44-4B97-AF58-278027898F64}.Release|Any CPU.Build.0 = Release|Any CPU
		{E0545241-C0A9-4572-9B5F-FC8E0A644879}.Debug|Any CPU.ActiveCfg = Debug|Any CPU
		{E0545241-C0A9-4572-9B5F-FC8E0A644879}.Debug|Any CPU.Build.0 = Debug|Any CPU
		{E0545241-C0A9-4572-9B5F-FC8E0A644879}.Release|Any CPU.ActiveCfg = Release|Any CPU
		{E0545241-C0A9-4572-9B5F-FC8E0A644879}.Release|Any CPU.Build.0 = Release|Any CPU
	EndGlobalSection
	GlobalSection(SolutionProperties) = preSolution
		HideSolutionNode = FALSE
	EndGlobalSection
	GlobalSection(ExtensibilityGlobals) = postSolution
		SolutionGuid = {72BCE900-8096-4B26-A818-0E23EAA35694}
	EndGlobalSection
EndGlobal
